
Microsoft Visual Studio Solution File, Format Version 12.00
# Visual Studio Version 17
VisualStudioVersion = 17.5.002.0
MinimumVisualStudioVersion = 10.0.40219.1
Project("{9A19103F-16F7-4668-BE54-9A1E7A4F7556}") = "AppTrade", "AppTrade.csproj", "{E2FD1957-2CA3-41E8-9904-F309672D37A3}"
EndProject
Global
	GlobalSection(SolutionConfigurationPlatforms) = preSolution
		Debug|Any CPU = Debug|Any CPU
		Release|Any CPU = Release|Any CPU
	EndGlobalSection
	GlobalSection(ProjectConfigurationPlatforms) = postSolution
		{E2FD1957-2CA3-41E8-9904-F309672D37A3}.Debug|Any CPU.ActiveCfg = Debug|Any CPU
		{E2FD1957-2CA3-41E8-9904-F309672D37A3}.Debug|Any CPU.Build.0 = Debug|Any CPU
		{E2FD1957-2CA3-41E8-9904-F309672D37A3}.Release|Any CPU.ActiveCfg = Release|Any CPU
		{E2FD1957-2CA3-41E8-9904-F309672D37A3}.Release|Any CPU.Build.0 = Release|Any CPU
	EndGlobalSection
	GlobalSection(SolutionProperties) = preSolution
		HideSolutionNode = FALSE
	EndGlobalSection
	GlobalSection(ExtensibilityGlobals) = postSolution
		SolutionGuid = {5B03359D-C68A-460A-85BB-5165D3328636}
	EndGlobalSection
EndGlobal
